
Microsoft Visual Studio Solution File, Format Version 12.00
# Visual Studio 15
VisualStudioVersion = 15.0.27703.2035
MinimumVisualStudioVersion = 10.0.40219.1
Project("{FAE04EC0-301F-11D3-BF4B-00C04F79EFBC}") = "ToolsConsole", "ToolsConsole\ToolsConsole.csproj", "{6A133CB1-97AE-4C47-832D-B3130F5F348E}"
EndProject
Project("{FAE04EC0-301F-11D3-BF4B-00C04F79EFBC}") = "Tools", "Tools\Tools.csproj", "{C29CBDB7-37BA-4BDD-BE62-2D371EF078A1}"
EndProject
Project("{FAE04EC0-301F-11D3-BF4B-00C04F79EFBC}") = "Utils", "Utils\Utils.csproj", "{B0F9753C-66E5-4EBC-AEC9-FD587400F115}"
EndProject
Global
	GlobalSection(SolutionConfigurationPlatforms) = preSolution
		Debug|Any CPU = Debug|Any CPU
		Release|Any CPU = Release|Any CPU
	EndGlobalSection
	GlobalSection(ProjectConfigurationPlatforms) = postSolution
		{6A133CB1-97AE-4C47-832D-B3130F5F348E}.Debug|Any CPU.ActiveCfg = Debug|Any CPU
		{6A133CB1-97AE-4C47-832D-B3130F5F348E}.Debug|Any CPU.Build.0 = Debug|Any CPU
		{6A133CB1-97AE-4C47-832D-B3130F5F348E}.Release|Any CPU.ActiveCfg = Release|Any CPU
		{6A133CB1-97AE-4C47-832D-B3130F5F348E}.Release|Any CPU.Build.0 = Release|Any CPU
		{C29CBDB7-37BA-4BDD-BE62-2D371EF078A1}.Debug|Any CPU.ActiveCfg = Debug|Any CPU
		{C29CBDB7-37BA-4BDD-BE62-2D371EF078A1}.Debug|Any CPU.Build.0 = Debug|Any CPU
		{C29CBDB7-37BA-4BDD-BE62-2D371EF078A1}.Release|Any CPU.ActiveCfg = Release|Any CPU
		{C29CBDB7-37BA-4BDD-BE62-2D371EF078A1}.Release|Any CPU.Build.0 = Release|Any CPU
		{B0F9753C-66E5-4EBC-AEC9-FD587400F115}.Debug|Any CPU.ActiveCfg = Debug|Any CPU
		{B0F9753C-66E5-4EBC-AEC9-FD587400F115}.Debug|Any CPU.Build.0 = Debug|Any CPU
		{B0F9753C-66E5-4EBC-AEC9-FD587400F115}.Release|Any CPU.ActiveCfg = Release|Any CPU
		{B0F9753C-66E5-4EBC-AEC9-FD587400F115}.Release|Any CPU.Build.0 = Release|Any CPU
	EndGlobalSection
	GlobalSection(SolutionProperties) = preSolution
		HideSolutionNode = FALSE
	EndGlobalSection
	GlobalSection(ExtensibilityGlobals) = postSolution
		SolutionGuid = {38565600-885A-4D9B-A058-E6A78228D390}
	EndGlobalSection
EndGlobal
